
Microsoft Visual Studio Solution File, Format Version 12.00
# Visual Studio 15
VisualStudioVersion = 15.0.26403.7
MinimumVisualStudioVersion = 10.0.40219.1
Project("{FAE04EC0-301F-11D3-BF4B-00C04F79EFBC}") = "Epam.Task11.PL.WebPages", "Epam.Task11.WebPages\Epam.Task11.PL.WebPages.csproj", "{70DC2C9D-50F1-48FE-A1C8-9EF4A8FD74C7}"
EndProject
Project("{FAE04EC0-301F-11D3-BF4B-00C04F79EFBC}") = "Epam.Task7.BLL", "Epam.Task11.BLL\Epam.Task7.BLL.csproj", "{A9771A26-6F69-4A35-9AB8-9203F50726CB}"
EndProject
Project("{FAE04EC0-301F-11D3-BF4B-00C04F79EFBC}") = "Epam.Task7.BLL.Contracts", "Epam.Task11.BLL.Contracts\Epam.Task7.BLL.Contracts.csproj", "{48F82B4C-0548-4DC4-825C-A03E75754FFC}"
EndProject
Project("{FAE04EC0-301F-11D3-BF4B-00C04F79EFBC}") = "Epam.Task7.Common", "Epam.Task11.Common\Epam.Task7.Common.csproj", "{C4908D58-6BB0-49AE-880E-06FCB4B89813}"
EndProject
Project("{FAE04EC0-301F-11D3-BF4B-00C04F79EFBC}") = "Epam.Task7.DAL.Contracts", "Epam.Task11.DAL.Contracts\Epam.Task7.DAL.Contracts.csproj", "{E1595076-6AFC-4D7F-AEE3-9D748564C645}"
EndProject
Project("{FAE04EC0-301F-11D3-BF4B-00C04F79EFBC}") = "Epam.Task7.DAL.TextFiles", "Epam.Task11.DAL.TextFiles\Epam.Task7.DAL.TextFiles.csproj", "{92C2F72D-F79D-4915-A618-F3C904008CE5}"
EndProject
Project("{FAE04EC0-301F-11D3-BF4B-00C04F79EFBC}") = "Epam.Task7.Entities", "Epam.Task11.Entities\Epam.Task7.Entities.csproj", "{B08C485E-2B91-4D77-A238-5CA1652A8891}"
EndProject
Project("{FAE04EC0-301F-11D3-BF4B-00C04F79EFBC}") = "Epam.Task7.PL.ConsoleApplication", "Epam.Task11.PL.ConsoleApplication\Epam.Task7.PL.ConsoleApplication.csproj", "{98A4E317-A473-4EFE-B4F8-45980A9FA812}"
EndProject
Project("{2150E333-8FDC-42A3-9474-1A3956D46DE8}") = "PL", "PL", "{1C9D03A8-91F5-4A0B-A47B-994D4692EC7C}"
EndProject
Project("{2150E333-8FDC-42A3-9474-1A3956D46DE8}") = "BLL", "BLL", "{3663D322-7CFE-4B67-A65F-E6B79059A59E}"
EndProject
Project("{2150E333-8FDC-42A3-9474-1A3956D46DE8}") = "DAL", "DAL", "{2B22A8ED-FE85-4DBE-A05F-E5585AC9F1A0}"
EndProject
Project("{2150E333-8FDC-42A3-9474-1A3956D46DE8}") = "Common", "Common", "{CAD355C4-206C-43B3-9F52-C0109D0F9499}"
EndProject
Global
	GlobalSection(SolutionConfigurationPlatforms) = preSolution
		Debug|Any CPU = Debug|Any CPU
		Release|Any CPU = Release|Any CPU
	EndGlobalSection
	GlobalSection(ProjectConfigurationPlatforms) = postSolution
		{70DC2C9D-50F1-48FE-A1C8-9EF4A8FD74C7}.Debug|Any CPU.ActiveCfg = Debug|Any CPU
		{70DC2C9D-50F1-48FE-A1C8-9EF4A8FD74C7}.Debug|Any CPU.Build.0 = Debug|Any CPU
		{70DC2C9D-50F1-48FE-A1C8-9EF4A8FD74C7}.Release|Any CPU.ActiveCfg = Release|Any CPU
		{70DC2C9D-50F1-48FE-A1C8-9EF4A8FD74C7}.Release|Any CPU.Build.0 = Release|Any CPU
		{A9771A26-6F69-4A35-9AB8-9203F50726CB}.Debug|Any CPU.ActiveCfg = Debug|Any CPU
		{A9771A26-6F69-4A35-9AB8-9203F50726CB}.Debug|Any CPU.Build.0 = Debug|Any CPU
		{A9771A26-6F69-4A35-9AB8-9203F50726CB}.Release|Any CPU.ActiveCfg = Release|Any CPU
		{A9771A26-6F69-4A35-9AB8-9203F50726CB}.Release|Any CPU.Build.0 = Release|Any CPU
		{48F82B4C-0548-4DC4-825C-A03E75754FFC}.Debug|Any CPU.ActiveCfg = Debug|Any CPU
		{48F82B4C-0548-4DC4-825C-A03E75754FFC}.Debug|Any CPU.Build.0 = Debug|Any CPU
		{48F82B4C-0548-4DC4-825C-A03E75754FFC}.Release|Any CPU.ActiveCfg = Release|Any CPU
		{48F82B4C-0548-4DC4-825C-A03E75754FFC}.Release|Any CPU.Build.0 = Release|Any CPU
		{C4908D58-6BB0-49AE-880E-06FCB4B89813}.Debug|Any CPU.ActiveCfg = Debug|Any CPU
		{C4908D58-6BB0-49AE-880E-06FCB4B89813}.Debug|Any CPU.Build.0 = Debug|Any CPU
		{C4908D58-6BB0-49AE-880E-06FCB4B89813}.Release|Any CPU.ActiveCfg = Release|Any CPU
		{C4908D58-6BB0-49AE-880E-06FCB4B89813}.Release|Any CPU.Build.0 = Release|Any CPU
		{E1595076-6AFC-4D7F-AEE3-9D748564C645}.Debug|Any CPU.ActiveCfg = Debug|Any CPU
		{E1595076-6AFC-4D7F-AEE3-9D748564C645}.Debug|Any CPU.Build.0 = Debug|Any CPU
		{E1595076-6AFC-4D7F-AEE3-9D748564C645}.Release|Any CPU.ActiveCfg = Release|Any CPU
		{E1595076-6AFC-4D7F-AEE3-9D748564C645}.Release|Any CPU.Build.0 = Release|Any CPU
		{92C2F72D-F79D-4915-A618-F3C904008CE5}.Debug|Any CPU.ActiveCfg = Debug|Any CPU
		{92C2F72D-F79D-4915-A618-F3C904008CE5}.Debug|Any CPU.Build.0 = Debug|Any CPU
		{92C2F72D-F79D-4915-A618-F3C904008CE5}.Release|Any CPU.ActiveCfg = Release|Any CPU
		{92C2F72D-F79D-4915-A618-F3C904008CE5}.Release|Any CPU.Build.0 = Release|Any CPU
		{B08C485E-2B91-4D77-A238-5CA1652A8891}.Debug|Any CPU.ActiveCfg = Debug|Any CPU
		{B08C485E-2B91-4D77-A238-5CA1652A8891}.Debug|Any CPU.Build.0 = Debug|Any CPU
		{B08C485E-2B91-4D77-A238-5CA1652A8891}.Release|Any CPU.ActiveCfg = Release|Any CPU
		{B08C485E-2B91-4D77-A238-5CA1652A8891}.Release|Any CPU.Build.0 = Release|Any CPU
		{98A4E317-A473-4EFE-B4F8-45980A9FA812}.Debug|Any CPU.ActiveCfg = Debug|Any CPU
		{98A4E317-A473-4EFE-B4F8-45980A9FA812}.Debug|Any CPU.Build.0 = Debug|Any CPU
		{98A4E317-A473-4EFE-B4F8-45980A9FA812}.Release|Any CPU.ActiveCfg = Release|Any CPU
		{98A4E317-A473-4EFE-B4F8-45980A9FA812}.Release|Any CPU.Build.0 = Release|Any CPU
	EndGlobalSection
	GlobalSection(SolutionProperties) = preSolution
		HideSolutionNode = FALSE
	EndGlobalSection
	GlobalSection(NestedProjects) = preSolution
		{70DC2C9D-50F1-48FE-A1C8-9EF4A8FD74C7} = {1C9D03A8-91F5-4A0B-A47B-994D4692EC7C}
		{A9771A26-6F69-4A35-9AB8-9203F50726CB} = {3663D322-7CFE-4B67-A65F-E6B79059A59E}
		{48F82B4C-0548-4DC4-825C-A03E75754FFC} = {3663D322-7CFE-4B67-A65F-E6B79059A59E}
		{C4908D58-6BB0-49AE-880E-06FCB4B89813} = {CAD355C4-206C-43B3-9F52-C0109D0F9499}
		{E1595076-6AFC-4D7F-AEE3-9D748564C645} = {2B22A8ED-FE85-4DBE-A05F-E5585AC9F1A0}
		{92C2F72D-F79D-4915-A618-F3C904008CE5} = {2B22A8ED-FE85-4DBE-A05F-E5585AC9F1A0}
		{B08C485E-2B91-4D77-A238-5CA1652A8891} = {CAD355C4-206C-43B3-9F52-C0109D0F9499}
		{98A4E317-A473-4EFE-B4F8-45980A9FA812} = {1C9D03A8-91F5-4A0B-A47B-994D4692EC7C}
	EndGlobalSection
EndGlobal
